
Microsoft Visual Studio Solution File, Format Version 12.00
# Visual Studio Version 17
VisualStudioVersion = 17.6.33829.357
MinimumVisualStudioVersion = 10.0.40219.1
Project("{9A19103F-16F7-4668-BE54-9A1E7A4F7556}") = "CompanyEmployees", "CompanyEmployees.csproj", "{8B7D2CD0-D553-4D8D-B35C-AEA9E1ED6B02}"
EndProject
Project("{9A19103F-16F7-4668-BE54-9A1E7A4F7556}") = "Contracts", "..\Contracts\Contracts.csproj", "{E137E779-86F6-4569-8634-5B1845480BD9}"
EndProject
Project("{9A19103F-16F7-4668-BE54-9A1E7A4F7556}") = "LoggerService", "..\LoggerService\LoggerService.csproj", "{63857947-E92C-4C5E-AE79-149B14DBA213}"
EndProject
Project("{FAE04EC0-301F-11D3-BF4B-00C04F79EFBC}") = "Entities", "..\Entities\Entities.csproj", "{BE40F43C-66F8-47EF-BD86-C58534C4EE74}"
EndProject
Project("{FAE04EC0-301F-11D3-BF4B-00C04F79EFBC}") = "Repository", "..\Repository\Repository.csproj", "{96AD4F81-57A3-4289-816A-6A32D7297C69}"
EndProject
Global
	GlobalSection(SolutionConfigurationPlatforms) = preSolution
		Debug|Any CPU = Debug|Any CPU
		Release|Any CPU = Release|Any CPU
	EndGlobalSection
	GlobalSection(ProjectConfigurationPlatforms) = postSolution
		{8B7D2CD0-D553-4D8D-B35C-AEA9E1ED6B02}.Debug|Any CPU.ActiveCfg = Debug|Any CPU
		{8B7D2CD0-D553-4D8D-B35C-AEA9E1ED6B02}.Debug|Any CPU.Build.0 = Debug|Any CPU
		{8B7D2CD0-D553-4D8D-B35C-AEA9E1ED6B02}.Release|Any CPU.ActiveCfg = Release|Any CPU
		{8B7D2CD0-D553-4D8D-B35C-AEA9E1ED6B02}.Release|Any CPU.Build.0 = Release|Any CPU
		{E137E779-86F6-4569-8634-5B1845480BD9}.Debug|Any CPU.ActiveCfg = Debug|Any CPU
		{E137E779-86F6-4569-8634-5B1845480BD9}.Debug|Any CPU.Build.0 = Debug|Any CPU
		{E137E779-86F6-4569-8634-5B1845480BD9}.Release|Any CPU.ActiveCfg = Release|Any CPU
		{E137E779-86F6-4569-8634-5B1845480BD9}.Release|Any CPU.Build.0 = Release|Any CPU
		{63857947-E92C-4C5E-AE79-149B14DBA213}.Debug|Any CPU.ActiveCfg = Debug|Any CPU
		{63857947-E92C-4C5E-AE79-149B14DBA213}.Debug|Any CPU.Build.0 = Debug|Any CPU
		{63857947-E92C-4C5E-AE79-149B14DBA213}.Release|Any CPU.ActiveCfg = Release|Any CPU
		{63857947-E92C-4C5E-AE79-149B14DBA213}.Release|Any CPU.Build.0 = Release|Any CPU
		{BE40F43C-66F8-47EF-BD86-C58534C4EE74}.Debug|Any CPU.ActiveCfg = Debug|Any CPU
		{BE40F43C-66F8-47EF-BD86-C58534C4EE74}.Debug|Any CPU.Build.0 = Debug|Any CPU
		{BE40F43C-66F8-47EF-BD86-C58534C4EE74}.Release|Any CPU.ActiveCfg = Release|Any CPU
		{BE40F43C-66F8-47EF-BD86-C58534C4EE74}.Release|Any CPU.Build.0 = Release|Any CPU
		{96AD4F81-57A3-4289-816A-6A32D7297C69}.Debug|Any CPU.ActiveCfg = Debug|Any CPU
		{96AD4F81-57A3-4289-816A-6A32D7297C69}.Debug|Any CPU.Build.0 = Debug|Any CPU
		{96AD4F81-57A3-4289-816A-6A32D7297C69}.Release|Any CPU.ActiveCfg = Release|Any CPU
		{96AD4F81-57A3-4289-816A-6A32D7297C69}.Release|Any CPU.Build.0 = Release|Any CPU
	EndGlobalSection
	GlobalSection(SolutionProperties) = preSolution
		HideSolutionNode = FALSE
	EndGlobalSection
	GlobalSection(ExtensibilityGlobals) = postSolution
		SolutionGuid = {0721E48A-6D1B-448F-99F5-57213436AD1A}
	EndGlobalSection
EndGlobal
